// !$*UTF8*$!
{
	archiveVersion = 1;
	classes = {
	};
	objectVersion = 77;
	objects = {

/* Begin PBXContainerItemProxy section */
		0F520AB52EAB3EC700B7268F /* PBXContainerItemProxy */ = {
			isa = PBXContainerItemProxy;
			containerPortal = FBD032D02E70E1C700BD679E /* Project object */;
			proxyType = 1;
			remoteGlobalIDString = FBD032D72E70E1C700BD679E;
			remoteInfo = PearCoProject;
		};
		1A26FCEB2EAAABEB00D25A11 /* PBXContainerItemProxy */ = {
			isa = PBXContainerItemProxy;
			containerPortal = FBD032D02E70E1C700BD679E /* Project object */;
			proxyType = 1;
			remoteGlobalIDString = FBD032D72E70E1C700BD679E;
			remoteInfo = PearCoProject;
		};
		EA33CB4C2EADE613009913E5 /* PBXContainerItemProxy */ = {
			isa = PBXContainerItemProxy;
			containerPortal = FBD032D02E70E1C700BD679E /* Project object */;
			proxyType = 1;
			remoteGlobalIDString = FBD032D72E70E1C700BD679E;
			remoteInfo = PearCoProject;
		};
		FBE18C632EAD4E7D0067EE82 /* PBXContainerItemProxy */ = {
			isa = PBXContainerItemProxy;
			containerPortal = FBD032D02E70E1C700BD679E /* Project object */;
			proxyType = 1;
			remoteGlobalIDString = FBD032D72E70E1C700BD679E;
			remoteInfo = PearCoProject;
		};
		FBE5C0A02EAB0245000CD484 /* PBXContainerItemProxy */ = {
			isa = PBXContainerItemProxy;
			containerPortal = FBD032D02E70E1C700BD679E /* Project object */;
			proxyType = 1;
			remoteGlobalIDString = FBD032D72E70E1C700BD679E;
			remoteInfo = PearCoProject;
		};
/* End PBXContainerItemProxy section */

/* Begin PBXFileReference section */
		0F520AB12EAB3EC700B7268F /* CaficultorTests.xctest */ = {isa = PBXFileReference; explicitFileType = wrapper.cfbundle; includeInIndex = 0; path = CaficultorTests.xctest; sourceTree = BUILT_PRODUCTS_DIR; };
		1A26FCE72EAAABEB00D25A11 /* VoiceATesting.xctest */ = {isa = PBXFileReference; explicitFileType = wrapper.cfbundle; includeInIndex = 0; path = VoiceATesting.xctest; sourceTree = BUILT_PRODUCTS_DIR; };
		EA33CB482EADE613009913E5 /* ImageClassificationTests.xctest */ = {isa = PBXFileReference; explicitFileType = wrapper.cfbundle; includeInIndex = 0; path = ImageClassificationTests.xctest; sourceTree = BUILT_PRODUCTS_DIR; };
		FBD032D82E70E1C700BD679E /* PearCoProject.app */ = {isa = PBXFileReference; explicitFileType = wrapper.application; includeInIndex = 0; path = PearCoProject.app; sourceTree = BUILT_PRODUCTS_DIR; };
		FBE18C5F2EAD4E7C0067EE82 /* LogInParcelsTests.xctest */ = {isa = PBXFileReference; explicitFileType = wrapper.cfbundle; includeInIndex = 0; path = LogInParcelsTests.xctest; sourceTree = BUILT_PRODUCTS_DIR; };
		FBE5C09C2EAB0245000CD484 /* HomeViewAndTermsAndConditionsTests.xctest */ = {isa = PBXFileReference; explicitFileType = wrapper.cfbundle; includeInIndex = 0; path = HomeViewAndTermsAndConditionsTests.xctest; sourceTree = BUILT_PRODUCTS_DIR; };
/* End PBXFileReference section */

/* Begin PBXFileSystemSynchronizedRootGroup section */
		0F520AB22EAB3EC700B7268F /* CaficultorTests */ = {
			isa = PBXFileSystemSynchronizedRootGroup;
			path = CaficultorTests;
			sourceTree = "<group>";
		};
		1A26FCE82EAAABEB00D25A11 /* VoiceATesting */ = {
			isa = PBXFileSystemSynchronizedRootGroup;
			path = VoiceATesting;
			sourceTree = "<group>";
		};
		EA33CB492EADE613009913E5 /* ImageClassificationTests */ = {
			isa = PBXFileSystemSynchronizedRootGroup;
			path = ImageClassificationTests;
			sourceTree = "<group>";
		};
		FBD032DA2E70E1C700BD679E /* PearCoProject */ = {
			isa = PBXFileSystemSynchronizedRootGroup;
			path = PearCoProject;
			sourceTree = "<group>";
		};
		FBE18C602EAD4E7C0067EE82 /* LogInParcelsTests */ = {
			isa = PBXFileSystemSynchronizedRootGroup;
			path = LogInParcelsTests;
			sourceTree = "<group>";
		};
		FBE5C09D2EAB0245000CD484 /* HomeViewAndTermsAndConditionsTests */ = {
			isa = PBXFileSystemSynchronizedRootGroup;
			path = HomeViewAndTermsAndConditionsTests;
			sourceTree = "<group>";
		};
/* End PBXFileSystemSynchronizedRootGroup section */

/* Begin PBXFrameworksBuildPhase section */
		0F520AAE2EAB3EC700B7268F /* Frameworks */ = {
			isa = PBXFrameworksBuildPhase;
			buildActionMask = 2147483647;
			files = (
			);
			runOnlyForDeploymentPostprocessing = 0;
		};
		1A26FCE42EAAABEB00D25A11 /* Frameworks */ = {
			isa = PBXFrameworksBuildPhase;
			buildActionMask = 2147483647;
			files = (
			);
			runOnlyForDeploymentPostprocessing = 0;
		};
		EA33CB452EADE613009913E5 /* Frameworks */ = {
			isa = PBXFrameworksBuildPhase;
			buildActionMask = 2147483647;
			files = (
			);
			runOnlyForDeploymentPostprocessing = 0;
		};
		FBD032D52E70E1C700BD679E /* Frameworks */ = {
			isa = PBXFrameworksBuildPhase;
			buildActionMask = 2147483647;
			files = (
			);
			runOnlyForDeploymentPostprocessing = 0;
		};
		FBE18C5C2EAD4E7C0067EE82 /* Frameworks */ = {
			isa = PBXFrameworksBuildPhase;
			buildActionMask = 2147483647;
			files = (
			);
			runOnlyForDeploymentPostprocessing = 0;
		};
		FBE5C0992EAB0245000CD484 /* Frameworks */ = {
			isa = PBXFrameworksBuildPhase;
			buildActionMask = 2147483647;
			files = (
			);
			runOnlyForDeploymentPostprocessing = 0;
		};
/* End PBXFrameworksBuildPhase section */

/* Begin PBXGroup section */
		FBD032CF2E70E1C700BD679E = {
			isa = PBXGroup;
			children = (
				FBD032DA2E70E1C700BD679E /* PearCoProject */,
				1A26FCE82EAAABEB00D25A11 /* VoiceATesting */,
				FBE5C09D2EAB0245000CD484 /* HomeViewAndTermsAndConditionsTests */,
				0F520AB22EAB3EC700B7268F /* CaficultorTests */,
				FBE18C602EAD4E7C0067EE82 /* LogInParcelsTests */,
				EA33CB492EADE613009913E5 /* ImageClassificationTests */,
				FBD032D92E70E1C700BD679E /* Products */,
			);
			sourceTree = "<group>";
		};
		FBD032D92E70E1C700BD679E /* Products */ = {
			isa = PBXGroup;
			children = (
				FBD032D82E70E1C700BD679E /* PearCoProject.app */,
				1A26FCE72EAAABEB00D25A11 /* VoiceATesting.xctest */,
				FBE5C09C2EAB0245000CD484 /* HomeViewAndTermsAndConditionsTests.xctest */,
				0F520AB12EAB3EC700B7268F /* CaficultorTests.xctest */,
				FBE18C5F2EAD4E7C0067EE82 /* LogInParcelsTests.xctest */,
				EA33CB482EADE613009913E5 /* ImageClassificationTests.xctest */,
			);
			name = Products;
			sourceTree = "<group>";
		};
/* End PBXGroup section */

/* Begin PBXNativeTarget section */
		0F520AB02EAB3EC700B7268F /* CaficultorTests */ = {
			isa = PBXNativeTarget;
			buildConfigurationList = 0F520AB92EAB3EC700B7268F /* Build configuration list for PBXNativeTarget "CaficultorTests" */;
			buildPhases = (
				0F520AAD2EAB3EC700B7268F /* Sources */,
				0F520AAE2EAB3EC700B7268F /* Frameworks */,
				0F520AAF2EAB3EC700B7268F /* Resources */,
			);
			buildRules = (
			);
			dependencies = (
				0F520AB62EAB3EC700B7268F /* PBXTargetDependency */,
			);
			fileSystemSynchronizedGroups = (
				0F520AB22EAB3EC700B7268F /* CaficultorTests */,
			);
			name = CaficultorTests;
			packageProductDependencies = (
			);
			productName = CaficultorTests;
			productReference = 0F520AB12EAB3EC700B7268F /* CaficultorTests.xctest */;
			productType = "com.apple.product-type.bundle.unit-test";
		};
		1A26FCE62EAAABEB00D25A11 /* VoiceATesting */ = {
			isa = PBXNativeTarget;
			buildConfigurationList = 1A26FCEF2EAAAC2300D25A11 /* Build configuration list for PBXNativeTarget "VoiceATesting" */;
			buildPhases = (
				1A26FCE32EAAABEB00D25A11 /* Sources */,
				1A26FCE42EAAABEB00D25A11 /* Frameworks */,
				1A26FCE52EAAABEB00D25A11 /* Resources */,
			);
			buildRules = (
			);
			dependencies = (
				1A26FCEC2EAAABEB00D25A11 /* PBXTargetDependency */,
			);
			fileSystemSynchronizedGroups = (
				1A26FCE82EAAABEB00D25A11 /* VoiceATesting */,
			);
			name = VoiceATesting;
			packageProductDependencies = (
			);
			productName = VoiceATesting;
			productReference = 1A26FCE72EAAABEB00D25A11 /* VoiceATesting.xctest */;
			productType = "com.apple.product-type.bundle.unit-test";
		};
		EA33CB472EADE613009913E5 /* ImageClassificationTests */ = {
			isa = PBXNativeTarget;
			buildConfigurationList = EA33CB502EADE613009913E5 /* Build configuration list for PBXNativeTarget "ImageClassificationTests" */;
			buildPhases = (
				EA33CB442EADE613009913E5 /* Sources */,
				EA33CB452EADE613009913E5 /* Frameworks */,
				EA33CB462EADE613009913E5 /* Resources */,
			);
			buildRules = (
			);
			dependencies = (
				EA33CB4D2EADE613009913E5 /* PBXTargetDependency */,
			);
			fileSystemSynchronizedGroups = (
				EA33CB492EADE613009913E5 /* ImageClassificationTests */,
			);
			name = ImageClassificationTests;
			packageProductDependencies = (
			);
			productName = ImageClassificationTests;
			productReference = EA33CB482EADE613009913E5 /* ImageClassificationTests.xctest */;
			productType = "com.apple.product-type.bundle.unit-test";
		};
		FBD032D72E70E1C700BD679E /* PearCoProject */ = {
			isa = PBXNativeTarget;
			buildConfigurationList = FBD032E32E70E1C900BD679E /* Build configuration list for PBXNativeTarget "PearCoProject" */;
			buildPhases = (
				FBD032D42E70E1C700BD679E /* Sources */,
				FBD032D52E70E1C700BD679E /* Frameworks */,
				FBD032D62E70E1C700BD679E /* Resources */,
			);
			buildRules = (
			);
			dependencies = (
			);
			fileSystemSynchronizedGroups = (
				FBD032DA2E70E1C700BD679E /* PearCoProject */,
			);
			name = PearCoProject;
			packageProductDependencies = (
			);
			productName = PearCoProject;
			productReference = FBD032D82E70E1C700BD679E /* PearCoProject.app */;
			productType = "com.apple.product-type.application";
		};
		FBE18C5E2EAD4E7C0067EE82 /* LogInParcelsTests */ = {
			isa = PBXNativeTarget;
			buildConfigurationList = FBE18C652EAD4E7D0067EE82 /* Build configuration list for PBXNativeTarget "LogInParcelsTests" */;
			buildPhases = (
				FBE18C5B2EAD4E7C0067EE82 /* Sources */,
				FBE18C5C2EAD4E7C0067EE82 /* Frameworks */,
				FBE18C5D2EAD4E7C0067EE82 /* Resources */,
			);
			buildRules = (
			);
			dependencies = (
				FBE18C642EAD4E7D0067EE82 /* PBXTargetDependency */,
			);
			fileSystemSynchronizedGroups = (
				FBE18C602EAD4E7C0067EE82 /* LogInParcelsTests */,
			);
			name = LogInParcelsTests;
			packageProductDependencies = (
			);
			productName = LogInParcelsTests;
			productReference = FBE18C5F2EAD4E7C0067EE82 /* LogInParcelsTests.xctest */;
			productType = "com.apple.product-type.bundle.unit-test";
		};
		FBE5C09B2EAB0245000CD484 /* HomeViewAndTermsAndConditionsTests */ = {
			isa = PBXNativeTarget;
			buildConfigurationList = FBE5C0A42EAB0245000CD484 /* Build configuration list for PBXNativeTarget "HomeViewAndTermsAndConditionsTests" */;
			buildPhases = (
				FBE5C0982EAB0245000CD484 /* Sources */,
				FBE5C0992EAB0245000CD484 /* Frameworks */,
				FBE5C09A2EAB0245000CD484 /* Resources */,
			);
			buildRules = (
			);
			dependencies = (
				FBE5C0A12EAB0245000CD484 /* PBXTargetDependency */,
			);
			fileSystemSynchronizedGroups = (
				FBE5C09D2EAB0245000CD484 /* HomeViewAndTermsAndConditionsTests */,
			);
			name = HomeViewAndTermsAndConditionsTests;
			packageProductDependencies = (
			);
			productName = HomeViewAndTermsAndConditionsTests;
			productReference = FBE5C09C2EAB0245000CD484 /* HomeViewAndTermsAndConditionsTests.xctest */;
			productType = "com.apple.product-type.bundle.unit-test";
		};
/* End PBXNativeTarget section */

/* Begin PBXProject section */
		FBD032D02E70E1C700BD679E /* Project object */ = {
			isa = PBXProject;
			attributes = {
				BuildIndependentTargetsInParallel = 1;
				LastSwiftUpdateCheck = 2600;
				LastUpgradeCheck = 1640;
				TargetAttributes = {
					0F520AB02EAB3EC700B7268F = {
						CreatedOnToolsVersion = 26.0.1;
						TestTargetID = FBD032D72E70E1C700BD679E;
					};
					1A26FCE62EAAABEB00D25A11 = {
						CreatedOnToolsVersion = 26.0.1;
						TestTargetID = FBD032D72E70E1C700BD679E;
					};
					EA33CB472EADE613009913E5 = {
						CreatedOnToolsVersion = 26.0.1;
						TestTargetID = FBD032D72E70E1C700BD679E;
					};
					FBD032D72E70E1C700BD679E = {
						CreatedOnToolsVersion = 16.4;
					};
					FBE18C5E2EAD4E7C0067EE82 = {
						CreatedOnToolsVersion = 26.0.1;
						TestTargetID = FBD032D72E70E1C700BD679E;
					};
					FBE5C09B2EAB0245000CD484 = {
						CreatedOnToolsVersion = 26.0.1;
						TestTargetID = FBD032D72E70E1C700BD679E;
					};
				};
			};
			buildConfigurationList = FBD032D32E70E1C700BD679E /* Build configuration list for PBXProject "PearCoProject" */;
			developmentRegion = en;
			hasScannedForEncodings = 0;
			knownRegions = (
				en,
				Base,
			);
			mainGroup = FBD032CF2E70E1C700BD679E;
			minimizedProjectReferenceProxies = 1;
			preferredProjectObjectVersion = 77;
			productRefGroup = FBD032D92E70E1C700BD679E /* Products */;
			projectDirPath = "";
			projectRoot = "";
			targets = (
				FBD032D72E70E1C700BD679E /* PearCoProject */,
				1A26FCE62EAAABEB00D25A11 /* VoiceATesting */,
				FBE5C09B2EAB0245000CD484 /* HomeViewAndTermsAndConditionsTests */,
				0F520AB02EAB3EC700B7268F /* CaficultorTests */,
				FBE18C5E2EAD4E7C0067EE82 /* LogInParcelsTests */,
				EA33CB472EADE613009913E5 /* ImageClassificationTests */,
			);
		};
/* End PBXProject section */

/* Begin PBXResourcesBuildPhase section */
		0F520AAF2EAB3EC700B7268F /* Resources */ = {
			isa = PBXResourcesBuildPhase;
			buildActionMask = 2147483647;
			files = (
			);
			runOnlyForDeploymentPostprocessing = 0;
		};
		1A26FCE52EAAABEB00D25A11 /* Resources */ = {
			isa = PBXResourcesBuildPhase;
			buildActionMask = 2147483647;
			files = (
			);
			runOnlyForDeploymentPostprocessing = 0;
		};
		EA33CB462EADE613009913E5 /* Resources */ = {
			isa = PBXResourcesBuildPhase;
			buildActionMask = 2147483647;
			files = (
			);
			runOnlyForDeploymentPostprocessing = 0;
		};
		FBD032D62E70E1C700BD679E /* Resources */ = {
			isa = PBXResourcesBuildPhase;
			buildActionMask = 2147483647;
			files = (
			);
			runOnlyForDeploymentPostprocessing = 0;
		};
		FBE18C5D2EAD4E7C0067EE82 /* Resources */ = {
			isa = PBXResourcesBuildPhase;
			buildActionMask = 2147483647;
			files = (
			);
			runOnlyForDeploymentPostprocessing = 0;
		};
		FBE5C09A2EAB0245000CD484 /* Resources */ = {
			isa = PBXResourcesBuildPhase;
			buildActionMask = 2147483647;
			files = (
			);
			runOnlyForDeploymentPostprocessing = 0;
		};
/* End PBXResourcesBuildPhase section */

/* Begin PBXSourcesBuildPhase section */
		0F520AAD2EAB3EC700B7268F /* Sources */ = {
			isa = PBXSourcesBuildPhase;
			buildActionMask = 2147483647;
			files = (
			);
			runOnlyForDeploymentPostprocessing = 0;
		};
		1A26FCE32EAAABEB00D25A11 /* Sources */ = {
			isa = PBXSourcesBuildPhase;
			buildActionMask = 2147483647;
			files = (
			);
			runOnlyForDeploymentPostprocessing = 0;
		};
		EA33CB442EADE613009913E5 /* Sources */ = {
			isa = PBXSourcesBuildPhase;
			buildActionMask = 2147483647;
			files = (
			);
			runOnlyForDeploymentPostprocessing = 0;
		};
		FBD032D42E70E1C700BD679E /* Sources */ = {
			isa = PBXSourcesBuildPhase;
			buildActionMask = 2147483647;
			files = (
			);
			runOnlyForDeploymentPostprocessing = 0;
		};
		FBE18C5B2EAD4E7C0067EE82 /* Sources */ = {
			isa = PBXSourcesBuildPhase;
			buildActionMask = 2147483647;
			files = (
			);
			runOnlyForDeploymentPostprocessing = 0;
		};
		FBE5C0982EAB0245000CD484 /* Sources */ = {
			isa = PBXSourcesBuildPhase;
			buildActionMask = 2147483647;
			files = (
			);
			runOnlyForDeploymentPostprocessing = 0;
		};
/* End PBXSourcesBuildPhase section */

/* Begin PBXTargetDependency section */
		0F520AB62EAB3EC700B7268F /* PBXTargetDependency */ = {
			isa = PBXTargetDependency;
			target = FBD032D72E70E1C700BD679E /* PearCoProject */;
			targetProxy = 0F520AB52EAB3EC700B7268F /* PBXContainerItemProxy */;
		};
		1A26FCEC2EAAABEB00D25A11 /* PBXTargetDependency */ = {
			isa = PBXTargetDependency;
			target = FBD032D72E70E1C700BD679E /* PearCoProject */;
			targetProxy = 1A26FCEB2EAAABEB00D25A11 /* PBXContainerItemProxy */;
		};
		EA33CB4D2EADE613009913E5 /* PBXTargetDependency */ = {
			isa = PBXTargetDependency;
			target = FBD032D72E70E1C700BD679E /* PearCoProject */;
			targetProxy = EA33CB4C2EADE613009913E5 /* PBXContainerItemProxy */;
		};
		FBE18C642EAD4E7D0067EE82 /* PBXTargetDependency */ = {
			isa = PBXTargetDependency;
			target = FBD032D72E70E1C700BD679E /* PearCoProject */;
			targetProxy = FBE18C632EAD4E7D0067EE82 /* PBXContainerItemProxy */;
		};
		FBE5C0A12EAB0245000CD484 /* PBXTargetDependency */ = {
			isa = PBXTargetDependency;
			target = FBD032D72E70E1C700BD679E /* PearCoProject */;
			targetProxy = FBE5C0A02EAB0245000CD484 /* PBXContainerItemProxy */;
		};
/* End PBXTargetDependency section */

/* Begin XCBuildConfiguration section */
		0F520AB72EAB3EC700B7268F /* Debug */ = {
			isa = XCBuildConfiguration;
			buildSettings = {
				BUNDLE_LOADER = "$(TEST_HOST)";
				CODE_SIGN_STYLE = Automatic;
				CURRENT_PROJECT_VERSION = 1;
				DEVELOPMENT_TEAM = RFGJ5SAN5D;
				GENERATE_INFOPLIST_FILE = YES;
				IPHONEOS_DEPLOYMENT_TARGET = 26.0;
				MARKETING_VERSION = 1.0;
				PRODUCT_BUNDLE_IDENTIFIER = name.hector.CaficultorTests;
				PRODUCT_NAME = "$(TARGET_NAME)";
				STRING_CATALOG_GENERATE_SYMBOLS = NO;
				SWIFT_APPROACHABLE_CONCURRENCY = YES;
				SWIFT_EMIT_LOC_STRINGS = NO;
				SWIFT_UPCOMING_FEATURE_MEMBER_IMPORT_VISIBILITY = YES;
				SWIFT_VERSION = 5.0;
				TARGETED_DEVICE_FAMILY = "1,2";
				TEST_HOST = "$(BUILT_PRODUCTS_DIR)/PearCoProject.app/$(BUNDLE_EXECUTABLE_FOLDER_PATH)/PearCoProject";
			};
			name = Debug;
		};
		0F520AB82EAB3EC700B7268F /* Release */ = {
			isa = XCBuildConfiguration;
			buildSettings = {
				BUNDLE_LOADER = "$(TEST_HOST)";
				CODE_SIGN_STYLE = Automatic;
				CURRENT_PROJECT_VERSION = 1;
				DEVELOPMENT_TEAM = RFGJ5SAN5D;
				GENERATE_INFOPLIST_FILE = YES;
				IPHONEOS_DEPLOYMENT_TARGET = 26.0;
				MARKETING_VERSION = 1.0;
				PRODUCT_BUNDLE_IDENTIFIER = name.hector.CaficultorTests;
				PRODUCT_NAME = "$(TARGET_NAME)";
				STRING_CATALOG_GENERATE_SYMBOLS = NO;
				SWIFT_APPROACHABLE_CONCURRENCY = YES;
				SWIFT_EMIT_LOC_STRINGS = NO;
				SWIFT_UPCOMING_FEATURE_MEMBER_IMPORT_VISIBILITY = YES;
				SWIFT_VERSION = 5.0;
				TARGETED_DEVICE_FAMILY = "1,2";
				TEST_HOST = "$(BUILT_PRODUCTS_DIR)/PearCoProject.app/$(BUNDLE_EXECUTABLE_FOLDER_PATH)/PearCoProject";
			};
			name = Release;
		};
		1A26FCED2EAAABEB00D25A11 /* Debug */ = {
			isa = XCBuildConfiguration;
			buildSettings = {
				BUNDLE_LOADER = "$(TEST_HOST)";
				CODE_SIGN_STYLE = Automatic;
				CURRENT_PROJECT_VERSION = 1;
				DEVELOPMENT_TEAM = 3YZ3G89428;
				GENERATE_INFOPLIST_FILE = YES;
				IPHONEOS_DEPLOYMENT_TARGET = 26.0;
				MARKETING_VERSION = 1.0;
				PRODUCT_BUNDLE_IDENTIFIER = name.MarielGonzalez.VoiceATesting;
				PRODUCT_NAME = "$(TARGET_NAME)";
				STRING_CATALOG_GENERATE_SYMBOLS = NO;
				SWIFT_APPROACHABLE_CONCURRENCY = YES;
				SWIFT_EMIT_LOC_STRINGS = NO;
				SWIFT_UPCOMING_FEATURE_MEMBER_IMPORT_VISIBILITY = YES;
				SWIFT_VERSION = 5.0;
				TARGETED_DEVICE_FAMILY = "1,2";
				TEST_HOST = "$(BUILT_PRODUCTS_DIR)/PearCoProject.app/$(BUNDLE_EXECUTABLE_FOLDER_PATH)/PearCoProject";
			};
			name = Debug;
		};
		1A26FCEE2EAAABEB00D25A11 /* Release */ = {
			isa = XCBuildConfiguration;
			buildSettings = {
				BUNDLE_LOADER = "$(TEST_HOST)";
				CODE_SIGN_STYLE = Automatic;
				CURRENT_PROJECT_VERSION = 1;
				DEVELOPMENT_TEAM = 3YZ3G89428;
				GENERATE_INFOPLIST_FILE = YES;
				IPHONEOS_DEPLOYMENT_TARGET = 26.0;
				MARKETING_VERSION = 1.0;
				PRODUCT_BUNDLE_IDENTIFIER = name.MarielGonzalez.VoiceATesting;
				PRODUCT_NAME = "$(TARGET_NAME)";
				STRING_CATALOG_GENERATE_SYMBOLS = NO;
				SWIFT_APPROACHABLE_CONCURRENCY = YES;
				SWIFT_EMIT_LOC_STRINGS = NO;
				SWIFT_UPCOMING_FEATURE_MEMBER_IMPORT_VISIBILITY = YES;
				SWIFT_VERSION = 5.0;
				TARGETED_DEVICE_FAMILY = "1,2";
				TEST_HOST = "$(BUILT_PRODUCTS_DIR)/PearCoProject.app/$(BUNDLE_EXECUTABLE_FOLDER_PATH)/PearCoProject";
			};
			name = Release;
		};
		EA33CB4E2EADE613009913E5 /* Debug */ = {
			isa = XCBuildConfiguration;
			buildSettings = {
				BUNDLE_LOADER = "$(TEST_HOST)";
				CODE_SIGN_STYLE = Automatic;
				CURRENT_PROJECT_VERSION = 1;
				DEVELOPMENT_TEAM = N878H5QC8Y;
				GENERATE_INFOPLIST_FILE = YES;
				IPHONEOS_DEPLOYMENT_TARGET = 26.0;
				MARKETING_VERSION = 1.0;
				PRODUCT_BUNDLE_IDENTIFIER = itesm.ImageClassificationTests;
				PRODUCT_NAME = "$(TARGET_NAME)";
				STRING_CATALOG_GENERATE_SYMBOLS = NO;
				SWIFT_APPROACHABLE_CONCURRENCY = YES;
				SWIFT_EMIT_LOC_STRINGS = NO;
				SWIFT_UPCOMING_FEATURE_MEMBER_IMPORT_VISIBILITY = YES;
				SWIFT_VERSION = 5.0;
				TARGETED_DEVICE_FAMILY = "1,2";
				TEST_HOST = "$(BUILT_PRODUCTS_DIR)/PearCoProject.app/$(BUNDLE_EXECUTABLE_FOLDER_PATH)/PearCoProject";
			};
			name = Debug;
		};
		EA33CB4F2EADE613009913E5 /* Release */ = {
			isa = XCBuildConfiguration;
			buildSettings = {
				BUNDLE_LOADER = "$(TEST_HOST)";
				CODE_SIGN_STYLE = Automatic;
				CURRENT_PROJECT_VERSION = 1;
				DEVELOPMENT_TEAM = N878H5QC8Y;
				GENERATE_INFOPLIST_FILE = YES;
				IPHONEOS_DEPLOYMENT_TARGET = 26.0;
				MARKETING_VERSION = 1.0;
				PRODUCT_BUNDLE_IDENTIFIER = itesm.ImageClassificationTests;
				PRODUCT_NAME = "$(TARGET_NAME)";
				STRING_CATALOG_GENERATE_SYMBOLS = NO;
				SWIFT_APPROACHABLE_CONCURRENCY = YES;
				SWIFT_EMIT_LOC_STRINGS = NO;
				SWIFT_UPCOMING_FEATURE_MEMBER_IMPORT_VISIBILITY = YES;
				SWIFT_VERSION = 5.0;
				TARGETED_DEVICE_FAMILY = "1,2";
				TEST_HOST = "$(BUILT_PRODUCTS_DIR)/PearCoProject.app/$(BUNDLE_EXECUTABLE_FOLDER_PATH)/PearCoProject";
			};
			name = Release;
		};
		FBD032E12E70E1C900BD679E /* Debug */ = {
			isa = XCBuildConfiguration;
			buildSettings = {
				ALWAYS_SEARCH_USER_PATHS = NO;
				ASSETCATALOG_COMPILER_GENERATE_SWIFT_ASSET_SYMBOL_EXTENSIONS = YES;
				CLANG_ANALYZER_NONNULL = YES;
				CLANG_ANALYZER_NUMBER_OBJECT_CONVERSION = YES_AGGRESSIVE;
				CLANG_CXX_LANGUAGE_STANDARD = "gnu++20";
				CLANG_ENABLE_MODULES = YES;
				CLANG_ENABLE_OBJC_ARC = YES;
				CLANG_ENABLE_OBJC_WEAK = YES;
				CLANG_WARN_BLOCK_CAPTURE_AUTORELEASING = YES;
				CLANG_WARN_BOOL_CONVERSION = YES;
				CLANG_WARN_COMMA = YES;
				CLANG_WARN_CONSTANT_CONVERSION = YES;
				CLANG_WARN_DEPRECATED_OBJC_IMPLEMENTATIONS = YES;
				CLANG_WARN_DIRECT_OBJC_ISA_USAGE = YES_ERROR;
				CLANG_WARN_DOCUMENTATION_COMMENTS = YES;
				CLANG_WARN_EMPTY_BODY = YES;
				CLANG_WARN_ENUM_CONVERSION = YES;
				CLANG_WARN_INFINITE_RECURSION = YES;
				CLANG_WARN_INT_CONVERSION = YES;
				CLANG_WARN_NON_LITERAL_NULL_CONVERSION = YES;
				CLANG_WARN_OBJC_IMPLICIT_RETAIN_SELF = YES;
				CLANG_WARN_OBJC_LITERAL_CONVERSION = YES;
				CLANG_WARN_OBJC_ROOT_CLASS = YES_ERROR;
				CLANG_WARN_QUOTED_INCLUDE_IN_FRAMEWORK_HEADER = YES;
				CLANG_WARN_RANGE_LOOP_ANALYSIS = YES;
				CLANG_WARN_STRICT_PROTOTYPES = YES;
				CLANG_WARN_SUSPICIOUS_MOVE = YES;
				CLANG_WARN_UNGUARDED_AVAILABILITY = YES_AGGRESSIVE;
				CLANG_WARN_UNREACHABLE_CODE = YES;
				CLANG_WARN__DUPLICATE_METHOD_MATCH = YES;
				COPY_PHASE_STRIP = NO;
				DEBUG_INFORMATION_FORMAT = dwarf;
				ENABLE_STRICT_OBJC_MSGSEND = YES;
				ENABLE_TESTABILITY = YES;
				ENABLE_USER_SCRIPT_SANDBOXING = YES;
				GCC_C_LANGUAGE_STANDARD = gnu17;
				GCC_DYNAMIC_NO_PIC = NO;
				GCC_NO_COMMON_BLOCKS = YES;
				GCC_OPTIMIZATION_LEVEL = 0;
				GCC_PREPROCESSOR_DEFINITIONS = (
					"DEBUG=1",
					"$(inherited)",
				);
				GCC_WARN_64_TO_32_BIT_CONVERSION = YES;
				GCC_WARN_ABOUT_RETURN_TYPE = YES_ERROR;
				GCC_WARN_UNDECLARED_SELECTOR = YES;
				GCC_WARN_UNINITIALIZED_AUTOS = YES_AGGRESSIVE;
				GCC_WARN_UNUSED_FUNCTION = YES;
				GCC_WARN_UNUSED_VARIABLE = YES;
				IPHONEOS_DEPLOYMENT_TARGET = 18.5;
				LOCALIZATION_PREFERS_STRING_CATALOGS = YES;
				MTL_ENABLE_DEBUG_INFO = INCLUDE_SOURCE;
				MTL_FAST_MATH = YES;
				ONLY_ACTIVE_ARCH = YES;
				SDKROOT = iphoneos;
				SWIFT_ACTIVE_COMPILATION_CONDITIONS = "DEBUG $(inherited)";
				SWIFT_OPTIMIZATION_LEVEL = "-Onone";
			};
			name = Debug;
		};
		FBD032E22E70E1C900BD679E /* Release */ = {
			isa = XCBuildConfiguration;
			buildSettings = {
				ALWAYS_SEARCH_USER_PATHS = NO;
				ASSETCATALOG_COMPILER_GENERATE_SWIFT_ASSET_SYMBOL_EXTENSIONS = YES;
				CLANG_ANALYZER_NONNULL = YES;
				CLANG_ANALYZER_NUMBER_OBJECT_CONVERSION = YES_AGGRESSIVE;
				CLANG_CXX_LANGUAGE_STANDARD = "gnu++20";
				CLANG_ENABLE_MODULES = YES;
				CLANG_ENABLE_OBJC_ARC = YES;
				CLANG_ENABLE_OBJC_WEAK = YES;
				CLANG_WARN_BLOCK_CAPTURE_AUTORELEASING = YES;
				CLANG_WARN_BOOL_CONVERSION = YES;
				CLANG_WARN_COMMA = YES;
				CLANG_WARN_CONSTANT_CONVERSION = YES;
				CLANG_WARN_DEPRECATED_OBJC_IMPLEMENTATIONS = YES;
				CLANG_WARN_DIRECT_OBJC_ISA_USAGE = YES_ERROR;
				CLANG_WARN_DOCUMENTATION_COMMENTS = YES;
				CLANG_WARN_EMPTY_BODY = YES;
				CLANG_WARN_ENUM_CONVERSION = YES;
				CLANG_WARN_INFINITE_RECURSION = YES;
				CLANG_WARN_INT_CONVERSION = YES;
				CLANG_WARN_NON_LITERAL_NULL_CONVERSION = YES;
				CLANG_WARN_OBJC_IMPLICIT_RETAIN_SELF = YES;
				CLANG_WARN_OBJC_LITERAL_CONVERSION = YES;
				CLANG_WARN_OBJC_ROOT_CLASS = YES_ERROR;
				CLANG_WARN_QUOTED_INCLUDE_IN_FRAMEWORK_HEADER = YES;
				CLANG_WARN_RANGE_LOOP_ANALYSIS = YES;
				CLANG_WARN_STRICT_PROTOTYPES = YES;
				CLANG_WARN_SUSPICIOUS_MOVE = YES;
				CLANG_WARN_UNGUARDED_AVAILABILITY = YES_AGGRESSIVE;
				CLANG_WARN_UNREACHABLE_CODE = YES;
				CLANG_WARN__DUPLICATE_METHOD_MATCH = YES;
				COPY_PHASE_STRIP = NO;
				DEBUG_INFORMATION_FORMAT = "dwarf-with-dsym";
				ENABLE_NS_ASSERTIONS = NO;
				ENABLE_STRICT_OBJC_MSGSEND = YES;
				ENABLE_USER_SCRIPT_SANDBOXING = YES;
				GCC_C_LANGUAGE_STANDARD = gnu17;
				GCC_NO_COMMON_BLOCKS = YES;
				GCC_WARN_64_TO_32_BIT_CONVERSION = YES;
				GCC_WARN_ABOUT_RETURN_TYPE = YES_ERROR;
				GCC_WARN_UNDECLARED_SELECTOR = YES;
				GCC_WARN_UNINITIALIZED_AUTOS = YES_AGGRESSIVE;
				GCC_WARN_UNUSED_FUNCTION = YES;
				GCC_WARN_UNUSED_VARIABLE = YES;
				IPHONEOS_DEPLOYMENT_TARGET = 18.5;
				LOCALIZATION_PREFERS_STRING_CATALOGS = YES;
				MTL_ENABLE_DEBUG_INFO = NO;
				MTL_FAST_MATH = YES;
				SDKROOT = iphoneos;
				SWIFT_COMPILATION_MODE = wholemodule;
				VALIDATE_PRODUCT = YES;
			};
			name = Release;
		};
		FBD032E42E70E1C900BD679E /* Debug */ = {
			isa = XCBuildConfiguration;
			buildSettings = {
				ASSETCATALOG_COMPILER_APPICON_NAME = AppIcon;
				ASSETCATALOG_COMPILER_GLOBAL_ACCENT_COLOR_NAME = AccentColor;
				CODE_SIGN_STYLE = Automatic;
				CURRENT_PROJECT_VERSION = 1;
				DEVELOPMENT_TEAM = RFGJ5SAN5D;
				ENABLE_PREVIEWS = YES;
				GENERATE_INFOPLIST_FILE = YES;
				INFOPLIST_KEY_NSCameraUsageDescription = "La app necesita acceso a la cámara";
				INFOPLIST_KEY_NSMicrophoneUsageDescription = "Uso de micrófono.";
				INFOPLIST_KEY_NSSpeechRecognitionUsageDescription = "Uso de micrófono.";
				INFOPLIST_KEY_UIApplicationSceneManifest_Generation = YES;
				INFOPLIST_KEY_UIApplicationSupportsIndirectInputEvents = YES;
				INFOPLIST_KEY_UILaunchScreen_Generation = YES;
				INFOPLIST_KEY_UISupportedInterfaceOrientations_iPad = "UIInterfaceOrientationPortrait UIInterfaceOrientationPortraitUpsideDown UIInterfaceOrientationLandscapeLeft UIInterfaceOrientationLandscapeRight";
				INFOPLIST_KEY_UISupportedInterfaceOrientations_iPhone = "UIInterfaceOrientationPortrait UIInterfaceOrientationLandscapeLeft UIInterfaceOrientationLandscapeRight";
				IPHONEOS_DEPLOYMENT_TARGET = 26.0;
				LD_RUNPATH_SEARCH_PATHS = (
					"$(inherited)",
					"@executable_path/Frameworks",
				);
				MARKETING_VERSION = 1.0;
				PRODUCT_BUNDLE_IDENTIFIER = com.itesm.PearCoProject;
				PRODUCT_NAME = "$(TARGET_NAME)";
				SWIFT_EMIT_LOC_STRINGS = YES;
				SWIFT_VERSION = 5.0;
				TARGETED_DEVICE_FAMILY = "1,2";
			};
			name = Debug;
		};
		FBD032E52E70E1C900BD679E /* Release */ = {
			isa = XCBuildConfiguration;
			buildSettings = {
				ASSETCATALOG_COMPILER_APPICON_NAME = AppIcon;
				ASSETCATALOG_COMPILER_GLOBAL_ACCENT_COLOR_NAME = AccentColor;
				CODE_SIGN_STYLE = Automatic;
				CURRENT_PROJECT_VERSION = 1;
				DEVELOPMENT_TEAM = RFGJ5SAN5D;
				ENABLE_PREVIEWS = YES;
				GENERATE_INFOPLIST_FILE = YES;
				INFOPLIST_KEY_NSCameraUsageDescription = "La app necesita acceso a la cámara";
				INFOPLIST_KEY_NSMicrophoneUsageDescription = "Uso de micrófono.";
				INFOPLIST_KEY_NSSpeechRecognitionUsageDescription = "Uso de micrófono.";
				INFOPLIST_KEY_UIApplicationSceneManifest_Generation = YES;
				INFOPLIST_KEY_UIApplicationSupportsIndirectInputEvents = YES;
				INFOPLIST_KEY_UILaunchScreen_Generation = YES;
				INFOPLIST_KEY_UISupportedInterfaceOrientations_iPad = "UIInterfaceOrientationPortrait UIInterfaceOrientationPortraitUpsideDown UIInterfaceOrientationLandscapeLeft UIInterfaceOrientationLandscapeRight";
				INFOPLIST_KEY_UISupportedInterfaceOrientations_iPhone = "UIInterfaceOrientationPortrait UIInterfaceOrientationLandscapeLeft UIInterfaceOrientationLandscapeRight";
				IPHONEOS_DEPLOYMENT_TARGET = 26.0;
				LD_RUNPATH_SEARCH_PATHS = (
					"$(inherited)",
					"@executable_path/Frameworks",
				);
				MARKETING_VERSION = 1.0;
				PRODUCT_BUNDLE_IDENTIFIER = com.itesm.PearCoProject;
				PRODUCT_NAME = "$(TARGET_NAME)";
				SWIFT_EMIT_LOC_STRINGS = YES;
				SWIFT_VERSION = 5.0;
				TARGETED_DEVICE_FAMILY = "1,2";
			};
			name = Release;
		};
		FBE18C662EAD4E7D0067EE82 /* Debug */ = {
			isa = XCBuildConfiguration;
			buildSettings = {
				BUNDLE_LOADER = "$(TEST_HOST)";
				CODE_SIGN_STYLE = Automatic;
				CURRENT_PROJECT_VERSION = 1;
				GENERATE_INFOPLIST_FILE = YES;
				IPHONEOS_DEPLOYMENT_TARGET = 26.0;
				MARKETING_VERSION = 1.0;
				PRODUCT_BUNDLE_IDENTIFIER = com.itesm.LogInParcelsTests;
				PRODUCT_NAME = "$(TARGET_NAME)";
				STRING_CATALOG_GENERATE_SYMBOLS = NO;
				SWIFT_APPROACHABLE_CONCURRENCY = YES;
				SWIFT_EMIT_LOC_STRINGS = NO;
				SWIFT_UPCOMING_FEATURE_MEMBER_IMPORT_VISIBILITY = YES;
				SWIFT_VERSION = 5.0;
				TARGETED_DEVICE_FAMILY = "1,2";
				TEST_HOST = "$(BUILT_PRODUCTS_DIR)/PearCoProject.app/$(BUNDLE_EXECUTABLE_FOLDER_PATH)/PearCoProject";
			};
			name = Debug;
		};
		FBE18C672EAD4E7D0067EE82 /* Release */ = {
			isa = XCBuildConfiguration;
			buildSettings = {
				BUNDLE_LOADER = "$(TEST_HOST)";
				CODE_SIGN_STYLE = Automatic;
				CURRENT_PROJECT_VERSION = 1;
				GENERATE_INFOPLIST_FILE = YES;
				IPHONEOS_DEPLOYMENT_TARGET = 26.0;
				MARKETING_VERSION = 1.0;
				PRODUCT_BUNDLE_IDENTIFIER = com.itesm.LogInParcelsTests;
				PRODUCT_NAME = "$(TARGET_NAME)";
				STRING_CATALOG_GENERATE_SYMBOLS = NO;
				SWIFT_APPROACHABLE_CONCURRENCY = YES;
				SWIFT_EMIT_LOC_STRINGS = NO;
				SWIFT_UPCOMING_FEATURE_MEMBER_IMPORT_VISIBILITY = YES;
				SWIFT_VERSION = 5.0;
				TARGETED_DEVICE_FAMILY = "1,2";
				TEST_HOST = "$(BUILT_PRODUCTS_DIR)/PearCoProject.app/$(BUNDLE_EXECUTABLE_FOLDER_PATH)/PearCoProject";
			};
			name = Release;
		};
		FBE5C0A22EAB0245000CD484 /* Debug */ = {
			isa = XCBuildConfiguration;
			buildSettings = {
				BUNDLE_LOADER = "$(TEST_HOST)";
				CODE_SIGN_STYLE = Automatic;
				CURRENT_PROJECT_VERSION = 1;
				GENERATE_INFOPLIST_FILE = YES;
				IPHONEOS_DEPLOYMENT_TARGET = 26.0;
				MARKETING_VERSION = 1.0;
				PRODUCT_BUNDLE_IDENTIFIER = daniela.HomeViewAndTermsAndConditionsTests;
				PRODUCT_NAME = "$(TARGET_NAME)";
				STRING_CATALOG_GENERATE_SYMBOLS = NO;
				SWIFT_APPROACHABLE_CONCURRENCY = YES;
				SWIFT_EMIT_LOC_STRINGS = NO;
				SWIFT_UPCOMING_FEATURE_MEMBER_IMPORT_VISIBILITY = YES;
				SWIFT_VERSION = 5.0;
				TARGETED_DEVICE_FAMILY = "1,2";
				TEST_HOST = "$(BUILT_PRODUCTS_DIR)/PearCoProject.app/$(BUNDLE_EXECUTABLE_FOLDER_PATH)/PearCoProject";
			};
			name = Debug;
		};
		FBE5C0A32EAB0245000CD484 /* Release */ = {
			isa = XCBuildConfiguration;
			buildSettings = {
				BUNDLE_LOADER = "$(TEST_HOST)";
				CODE_SIGN_STYLE = Automatic;
				CURRENT_PROJECT_VERSION = 1;
				GENERATE_INFOPLIST_FILE = YES;
				IPHONEOS_DEPLOYMENT_TARGET = 26.0;
				MARKETING_VERSION = 1.0;
				PRODUCT_BUNDLE_IDENTIFIER = daniela.HomeViewAndTermsAndConditionsTests;
				PRODUCT_NAME = "$(TARGET_NAME)";
				STRING_CATALOG_GENERATE_SYMBOLS = NO;
				SWIFT_APPROACHABLE_CONCURRENCY = YES;
				SWIFT_EMIT_LOC_STRINGS = NO;
				SWIFT_UPCOMING_FEATURE_MEMBER_IMPORT_VISIBILITY = YES;
				SWIFT_VERSION = 5.0;
				TARGETED_DEVICE_FAMILY = "1,2";
				TEST_HOST = "$(BUILT_PRODUCTS_DIR)/PearCoProject.app/$(BUNDLE_EXECUTABLE_FOLDER_PATH)/PearCoProject";
			};
			name = Release;
		};
/* End XCBuildConfiguration section */

/* Begin XCConfigurationList section */
		0F520AB92EAB3EC700B7268F /* Build configuration list for PBXNativeTarget "CaficultorTests" */ = {
			isa = XCConfigurationList;
			buildConfigurations = (
				0F520AB72EAB3EC700B7268F /* Debug */,
				0F520AB82EAB3EC700B7268F /* Release */,
			);
			defaultConfigurationIsVisible = 0;
			defaultConfigurationName = Release;
		};
		1A26FCEF2EAAAC2300D25A11 /* Build configuration list for PBXNativeTarget "VoiceATesting" */ = {
			isa = XCConfigurationList;
			buildConfigurations = (
				1A26FCED2EAAABEB00D25A11 /* Debug */,
				1A26FCEE2EAAABEB00D25A11 /* Release */,
			);
			defaultConfigurationIsVisible = 0;
			defaultConfigurationName = Release;
		};
		EA33CB502EADE613009913E5 /* Build configuration list for PBXNativeTarget "ImageClassificationTests" */ = {
			isa = XCConfigurationList;
			buildConfigurations = (
				EA33CB4E2EADE613009913E5 /* Debug */,
				EA33CB4F2EADE613009913E5 /* Release */,
			);
			defaultConfigurationIsVisible = 0;
			defaultConfigurationName = Release;
		};
		FBD032D32E70E1C700BD679E /* Build configuration list for PBXProject "PearCoProject" */ = {
			isa = XCConfigurationList;
			buildConfigurations = (
				FBD032E12E70E1C900BD679E /* Debug */,
				FBD032E22E70E1C900BD679E /* Release */,
			);
			defaultConfigurationIsVisible = 0;
			defaultConfigurationName = Release;
		};
		FBD032E32E70E1C900BD679E /* Build configuration list for PBXNativeTarget "PearCoProject" */ = {
			isa = XCConfigurationList;
			buildConfigurations = (
				FBD032E42E70E1C900BD679E /* Debug */,
				FBD032E52E70E1C900BD679E /* Release */,
			);
			defaultConfigurationIsVisible = 0;
			defaultConfigurationName = Release;
		};
		FBE18C652EAD4E7D0067EE82 /* Build configuration list for PBXNativeTarget "LogInParcelsTests" */ = {
			isa = XCConfigurationList;
			buildConfigurations = (
				FBE18C662EAD4E7D0067EE82 /* Debug */,
				FBE18C672EAD4E7D0067EE82 /* Release */,
			);
			defaultConfigurationIsVisible = 0;
			defaultConfigurationName = Release;
		};
		FBE5C0A42EAB0245000CD484 /* Build configuration list for PBXNativeTarget "HomeViewAndTermsAndConditionsTests" */ = {
			isa = XCConfigurationList;
			buildConfigurations = (
				FBE5C0A22EAB0245000CD484 /* Debug */,
				FBE5C0A32EAB0245000CD484 /* Release */,
			);
			defaultConfigurationIsVisible = 0;
			defaultConfigurationName = Release;
		};
/* End XCConfigurationList section */
	};
	rootObject = FBD032D02E70E1C700BD679E /* Project object */;
}
